
Microsoft Visual Studio Solution File, Format Version 12.00
# Visual Studio Version 17
VisualStudioVersion = 17.5.002.0
MinimumVisualStudioVersion = 10.0.40219.1
Project("{9A19103F-16F7-4668-BE54-9A1E7A4F7556}") = "BusBoard", "BusBoard.csproj", "{C4D8DF46-68E8-494F-8653-EDC064B9CE62}"
EndProject
Global
	GlobalSection(SolutionConfigurationPlatforms) = preSolution
		Debug|Any CPU = Debug|Any CPU
		Release|Any CPU = Release|Any CPU
	EndGlobalSection
	GlobalSection(ProjectConfigurationPlatforms) = postSolution
		{C4D8DF46-68E8-494F-8653-EDC064B9CE62}.Debug|Any CPU.ActiveCfg = Debug|Any CPU
		{C4D8DF46-68E8-494F-8653-EDC064B9CE62}.Debug|Any CPU.Build.0 = Debug|Any CPU
		{C4D8DF46-68E8-494F-8653-EDC064B9CE62}.Release|Any CPU.ActiveCfg = Release|Any CPU
		{C4D8DF46-68E8-494F-8653-EDC064B9CE62}.Release|Any CPU.Build.0 = Release|Any CPU
	EndGlobalSection
	GlobalSection(SolutionProperties) = preSolution
		HideSolutionNode = FALSE
	EndGlobalSection
	GlobalSection(ExtensibilityGlobals) = postSolution
		SolutionGuid = {DE728D0E-4883-4DDF-8C0B-F5E7D12032FF}
	EndGlobalSection
EndGlobal
